PODS:
  - CocoaAsyncSocket (7.6.5)
  - Criollo (1.0.1):
    - CocoaAsyncSocket (~> 7.6.4)
  - SwiftLocalhost (0.0.8):
    - Criollo

DEPENDENCIES:
  - SwiftLocalhost

SPEC REPOS:
  trunk:
    - CocoaAsyncSocket
    - Criollo
    - SwiftLocalhost

SPEC CHECKSUMS:
  CocoaAsyncSocket: 065fd1e645c7abab64f7a6a2007a48038fdc6a99
  Criollo: 8122c5dbdf7dcf590e0d6b5d9e75e2073cd6234d
  SwiftLocalhost: 78ad6ca707ef2162aa9ab29407321226d44f5027

PODFILE CHECKSUM: 3f5db3d5a99dab813790a215247ce851980b4b58

COCOAPODS: 1.11.3
