PODS:
  - flutter_local_notifications (0.0.1):
    - FlutterMacOS
  - flutter_timezone (0.1.0):
    - FlutterMacOS
  - FlutterMacOS (1.0.0)
  - FlyingFox (0.12.2):
    - FlyingSocks (~> 0.12.2)
  - FlyingSocks (0.12.2)
  - geolocator_apple (1.2.0):
    - FlutterMacOS
  - patrol (0.0.1):
    - FlutterMacOS
    - FlyingFox (~> 0.12.0)

DEPENDENCIES:
  - flutter_local_notifications (from `Flutter/ephemeral/.symlinks/plugins/flutter_local_notifications/macos`)
  - flutter_timezone (from `Flutter/ephemeral/.symlinks/plugins/flutter_timezone/macos`)
  - FlutterMacOS (from `Flutter/ephemeral`)
  - geolocator_apple (from `Flutter/ephemeral/.symlinks/plugins/geolocator_apple/macos`)
  - patrol (from `Flutter/ephemeral/.symlinks/plugins/patrol/macos`)

SPEC REPOS:
  trunk:
    - FlyingFox
    - FlyingSocks

EXTERNAL SOURCES:
  flutter_local_notifications:
    :path: Flutter/ephemeral/.symlinks/plugins/flutter_local_notifications/macos
  flutter_timezone:
    :path: Flutter/ephemeral/.symlinks/plugins/flutter_timezone/macos
  FlutterMacOS:
    :path: Flutter/ephemeral
  geolocator_apple:
    :path: Flutter/ephemeral/.symlinks/plugins/geolocator_apple/macos
  patrol:
    :path: Flutter/ephemeral/.symlinks/plugins/patrol/macos

SPEC CHECKSUMS:
  flutter_local_notifications: 3805ca215b2fb7f397d78b66db91f6a747af52e4
  flutter_timezone: 6b906d1740654acb16e50b639835628fea851037
  FlutterMacOS: 8f6f14fa908a6fb3fba0cd85dbd81ec4b251fb24
  FlyingFox: 64c3302f81bd8690514a8988dafc9ff951781e7d
  FlyingSocks: 7b2a722af4be5cf74499c0a5a94d3f31f028a4f7
  geolocator_apple: 72a78ae3f3e4ec0db62117bd93e34523f5011d58
  patrol: 7f90ef5a40fd0ee5b841f9250e5fbb516643f28d

PODFILE CHECKSUM: 3e2aed3d26f000bb49b265cf8ffdb9a47fb12f78

COCOAPODS: 1.12.1
