PODS:
  - app_links (1.0.0):
    - FlutterMacOS
  - CocoaAsyncSocket (7.6.5)
  - flutter_local_notifications (0.0.1):
    - FlutterMacOS
  - flutter_timezone (0.1.0):
    - FlutterMacOS
  - FlutterMacOS (1.0.0)
  - geolocator_apple (1.2.0):
    - FlutterMacOS
  - patrol (0.0.1):
    - CocoaAsyncSocket (~> 7.6)
    - Flutter
    - FlutterMacOS
  - webview_flutter_wkwebview (0.0.1):
    - Flutter
    - FlutterMacOS

DEPENDENCIES:
  - app_links (from `Flutter/ephemeral/.symlinks/plugins/app_links/macos`)
  - flutter_local_notifications (from `Flutter/ephemeral/.symlinks/plugins/flutter_local_notifications/macos`)
  - flutter_timezone (from `Flutter/ephemeral/.symlinks/plugins/flutter_timezone/macos`)
  - FlutterMacOS (from `Flutter/ephemeral`)
  - geolocator_apple (from `Flutter/ephemeral/.symlinks/plugins/geolocator_apple/macos`)
  - patrol (from `Flutter/ephemeral/.symlinks/plugins/patrol/darwin`)
  - webview_flutter_wkwebview (from `Flutter/ephemeral/.symlinks/plugins/webview_flutter_wkwebview/darwin`)

SPEC REPOS:
  trunk:
    - CocoaAsyncSocket

EXTERNAL SOURCES:
  app_links:
    :path: Flutter/ephemeral/.symlinks/plugins/app_links/macos
  flutter_local_notifications:
    :path: Flutter/ephemeral/.symlinks/plugins/flutter_local_notifications/macos
  flutter_timezone:
    :path: Flutter/ephemeral/.symlinks/plugins/flutter_timezone/macos
  FlutterMacOS:
    :path: Flutter/ephemeral
  geolocator_apple:
    :path: Flutter/ephemeral/.symlinks/plugins/geolocator_apple/macos
  patrol:
    :path: Flutter/ephemeral/.symlinks/plugins/patrol/darwin
  webview_flutter_wkwebview:
    :path: Flutter/ephemeral/.symlinks/plugins/webview_flutter_wkwebview/darwin

SPEC CHECKSUMS:
  app_links: 10e0a0ab602ffaf34d142cd4862f29d34b303b2a
  CocoaAsyncSocket: 065fd1e645c7abab64f7a6a2007a48038fdc6a99
  flutter_local_notifications: 3805ca215b2fb7f397d78b66db91f6a747af52e4
  flutter_timezone: 6b906d1740654acb16e50b639835628fea851037
  FlutterMacOS: 8f6f14fa908a6fb3fba0cd85dbd81ec4b251fb24
  geolocator_apple: 72a78ae3f3e4ec0db62117bd93e34523f5011d58
  patrol: cf2cd48c7f3e5171610111994f7b466cd76d1f57
  webview_flutter_wkwebview: 0982481e3d9c78fd5c6f62a002fcd24fc791f1e4

PODFILE CHECKSUM: 4dcdd5fa8959bf7a21c4e3da36b083ff9ad52d38

COCOAPODS: 1.16.2
