{
  "pins" : [
    {
      "identity" : "gcdwebserver",
      "kind" : "remoteSourceControl",
      "location" : "https://github.com/SlaunchaMan/GCDWebServer",
      "state" : {
        "branch" : "swift-package-manager",
        "revision" : "935e2736044e71e5341663c3cc9a335ba6867a2b"
      }
    }
  ],
  "version" : 2
}
