{
  "pins" : [
    {
      "identity" : "gcdwebserver",
      "kind" : "remoteSourceControl",
      "location" : "https://github.com/JacobHearst/GCDWebServer",
      "state" : {
        "branch" : "master",
        "revision" : "14f9eedb296c5b71fec971d8256ef3bfc20a2245"
      }
    }
  ],
  "version" : 2
}
